
Microsoft Visual Studio Solution File, Format Version 12.00
# Visual Studio 15
VisualStudioVersion = 15.0.28307.106
MinimumVisualStudioVersion = 10.0.40219.1
Project("{FAE04EC0-301F-11D3-BF4B-00C04F79EFBC}") = "ListOfFixedAssets", "ListOfFixedAssets\ListOfFixedAssets.csproj", "{86D395D2-6BC7-49CE-8A65-181EC142EAF3}"
EndProject
Global
	GlobalSection(SolutionConfigurationPlatforms) = preSolution
		Debug|Any CPU = Debug|Any CPU
		Release|Any CPU = Release|Any CPU
	EndGlobalSection
	GlobalSection(ProjectConfigurationPlatforms) = postSolution
		{86D395D2-6BC7-49CE-8A65-181EC142EAF3}.Debug|Any CPU.ActiveCfg = Debug|Any CPU
		{86D395D2-6BC7-49CE-8A65-181EC142EAF3}.Debug|Any CPU.Build.0 = Debug|Any CPU
		{86D395D2-6BC7-49CE-8A65-181EC142EAF3}.Release|Any CPU.ActiveCfg = Release|Any CPU
		{86D395D2-6BC7-49CE-8A65-181EC142EAF3}.Release|Any CPU.Build.0 = Release|Any CPU
	EndGlobalSection
	GlobalSection(SolutionProperties) = preSolution
		HideSolutionNode = FALSE
	EndGlobalSection
	GlobalSection(ExtensibilityGlobals) = postSolution
		SolutionGuid = {34BD08DF-7E11-4870-B315-8E53EDFB75EF}
	EndGlobalSection
EndGlobal
